
Microsoft Visual Studio Solution File, Format Version 11.00
# Visual Studio 2010
Project("{FAE04EC0-301F-11D3-BF4B-00C04F79EFBC}") = "LD40", "Assembly-CSharp-firstpass.csproj", "{60233504-766F-38FB-8D8C-3095E4A07728}"
EndProject
Project("{FAE04EC0-301F-11D3-BF4B-00C04F79EFBC}") = "LD40", "Assembly-CSharp.csproj", "{F6264781-3676-FEB1-8C27-0993643C3FF6}"
EndProject
Project("{FAE04EC0-301F-11D3-BF4B-00C04F79EFBC}") = "LD40", "Assembly-CSharp-Editor.csproj", "{860EC1D4-1688-1A72-16C0-B9EAE5A0A1A3}"
EndProject
Project("{FAE04EC0-301F-11D3-BF4B-00C04F79EFBC}") = "LD40", "Assembly-CSharp-Editor-firstpass.csproj", "{64358178-F359-A70B-1DA3-820F5245851A}"
EndProject
Global
	GlobalSection(SolutionConfigurationPlatforms) = preSolution
		Debug|Any CPU = Debug|Any CPU
		Release|Any CPU = Release|Any CPU
	EndGlobalSection
	GlobalSection(ProjectConfigurationPlatforms) = postSolution
		{60233504-766F-38FB-8D8C-3095E4A07728}.Debug|Any CPU.ActiveCfg = Debug|Any CPU
		{60233504-766F-38FB-8D8C-3095E4A07728}.Debug|Any CPU.Build.0 = Debug|Any CPU
		{60233504-766F-38FB-8D8C-3095E4A07728}.Release|Any CPU.ActiveCfg = Release|Any CPU
		{60233504-766F-38FB-8D8C-3095E4A07728}.Release|Any CPU.Build.0 = Release|Any CPU
		{F6264781-3676-FEB1-8C27-0993643C3FF6}.Debug|Any CPU.ActiveCfg = Debug|Any CPU
		{F6264781-3676-FEB1-8C27-0993643C3FF6}.Debug|Any CPU.Build.0 = Debug|Any CPU
		{F6264781-3676-FEB1-8C27-0993643C3FF6}.Release|Any CPU.ActiveCfg = Release|Any CPU
		{F6264781-3676-FEB1-8C27-0993643C3FF6}.Release|Any CPU.Build.0 = Release|Any CPU
		{860EC1D4-1688-1A72-16C0-B9EAE5A0A1A3}.Debug|Any CPU.ActiveCfg = Debug|Any CPU
		{860EC1D4-1688-1A72-16C0-B9EAE5A0A1A3}.Debug|Any CPU.Build.0 = Debug|Any CPU
		{860EC1D4-1688-1A72-16C0-B9EAE5A0A1A3}.Release|Any CPU.ActiveCfg = Release|Any CPU
		{860EC1D4-1688-1A72-16C0-B9EAE5A0A1A3}.Release|Any CPU.Build.0 = Release|Any CPU
		{64358178-F359-A70B-1DA3-820F5245851A}.Debug|Any CPU.ActiveCfg = Debug|Any CPU
		{64358178-F359-A70B-1DA3-820F5245851A}.Debug|Any CPU.Build.0 = Debug|Any CPU
		{64358178-F359-A70B-1DA3-820F5245851A}.Release|Any CPU.ActiveCfg = Release|Any CPU
		{64358178-F359-A70B-1DA3-820F5245851A}.Release|Any CPU.Build.0 = Release|Any CPU
	EndGlobalSection
	GlobalSection(SolutionProperties) = preSolution
		HideSolutionNode = FALSE
	EndGlobalSection
	GlobalSection(MonoDevelopProperties) = preSolution
		StartupItem = Assembly-CSharp.csproj
	EndGlobalSection
EndGlobal
